// !$*UTF8*$!
{
	archiveVersion = 1;
	classes = {
	};
	objectVersion = 50;
	objects = {

/* Begin PBXBuildFile section */
		B709AE952601C96500F3D32A /* AppDelegate.swift in Sources */ = {isa = PBXBuildFile; fileRef = B709AE942601C96500F3D32A /* AppDelegate.swift */; };
		B709AE972601C96500F3D32A /* SceneDelegate.swift in Sources */ = {isa = PBXBuildFile; fileRef = B709AE962601C96500F3D32A /* SceneDelegate.swift */; };
		B709AE992601C96500F3D32A /* ViewController.swift in Sources */ = {isa = PBXBuildFile; fileRef = B709AE982601C96500F3D32A /* ViewController.swift */; };
		B709AE9C2601C96500F3D32A /* Main.storyboard in Resources */ = {isa = PBXBuildFile; fileRef = B709AE9A2601C96500F3D32A /* Main.storyboard */; };
		B709AE9E2601C96800F3D32A /* Assets.xcassets in Resources */ = {isa = PBXBuildFile; fileRef = B709AE9D2601C96800F3D32A /* Assets.xcassets */; };
		B709AEA12601C96800F3D32A /* LaunchScreen.storyboard in Resources */ = {isa = PBXBuildFile; fileRef = B709AE9F2601C96800F3D32A /* LaunchScreen.storyboard */; };
		B709AEAC2601C96900F3D32A /* QRScanTests.swift in Sources */ = {isa = PBXBuildFile; fileRef = B709AEAB2601C96900F3D32A /* QRScanTests.swift */; };
		B709AEB72601C96900F3D32A /* QRScanUITests.swift in Sources */ = {isa = PBXBuildFile; fileRef = B709AEB62601C96900F3D32A /* QRScanUITests.swift */; };
		B709AEC82601C9BD00F3D32A /* QRScannerController.swift in Sources */ = {isa = PBXBuildFile; fileRef = B709AEC72601C9BD00F3D32A /* QRScannerController.swift */; };
/* End PBXBuildFile section */

/* Begin PBXContainerItemProxy section */
		B709AEA82601C96900F3D32A /* PBXContainerItemProxy */ = {
			isa = PBXContainerItemProxy;
			containerPortal = B709AE892601C96500F3D32A /* Project object */;
			proxyType = 1;
			remoteGlobalIDString = B709AE902601C96500F3D32A;
			remoteInfo = QRScan;
		};
		B709AEB32601C96900F3D32A /* PBXContainerItemProxy */ = {
			isa = PBXContainerItemProxy;
			containerPortal = B709AE892601C96500F3D32A /* Project object */;
			proxyType = 1;
			remoteGlobalIDString = B709AE902601C96500F3D32A;
			remoteInfo = QRScan;
		};
/* End PBXContainerItemProxy section */

/* Begin PBXFileReference section */
		B709AE912601C96500F3D32A /* QRScan.app */ = {isa = PBXFileReference; explicitFileType = wrapper.application; includeInIndex = 0; path = QRScan.app; sourceTree = BUILT_PRODUCTS_DIR; };
		B709AE942601C96500F3D32A /* AppDelegate.swift */ = {isa = PBXFileReference; lastKnownFileType = sourcecode.swift; path = AppDelegate.swift; sourceTree = "<group>"; };
		B709AE962601C96500F3D32A /* SceneDelegate.swift */ = {isa = PBXFileReference; lastKnownFileType = sourcecode.swift; path = SceneDelegate.swift; sourceTree = "<group>"; };
		B709AE982601C96500F3D32A /* ViewController.swift */ = {isa = PBXFileReference; lastKnownFileType = sourcecode.swift; path = ViewController.swift; sourceTree = "<group>"; };
		B709AE9B2601C96500F3D32A /* Base */ = {isa = PBXFileReference; lastKnownFileType = file.storyboard; name = Base; path = Base.lproj/Main.storyboard; sourceTree = "<group>"; };
		B709AE9D2601C96800F3D32A /* Assets.xcassets */ = {isa = PBXFileReference; lastKnownFileType = folder.assetcatalog; path = Assets.xcassets; sourceTree = "<group>"; };
		B709AEA02601C96800F3D32A /* Base */ = {isa = PBXFileReference; lastKnownFileType = file.storyboard; name = Base; path = Base.lproj/LaunchScreen.storyboard; sourceTree = "<group>"; };
		B709AEA22601C96800F3D32A /* Info.plist */ = {isa = PBXFileReference; lastKnownFileType = text.plist.xml; path = Info.plist; sourceTree = "<group>"; };
		B709AEA72601C96900F3D32A /* QRScanTests.xctest */ = {isa = PBXFileReference; explicitFileType = wrapper.cfbundle; includeInIndex = 0; path = QRScanTests.xctest; sourceTree = BUILT_PRODUCTS_DIR; };
		B709AEAB2601C96900F3D32A /* QRScanTests.swift */ = {isa = PBXFileReference; lastKnownFileType = sourcecode.swift; path = QRScanTests.swift; sourceTree = "<group>"; };
		B709AEAD2601C96900F3D32A /* Info.plist */ = {isa = PBXFileReference; lastKnownFileType = text.plist.xml; path = Info.plist; sourceTree = "<group>"; };
		B709AEB22601C96900F3D32A /* QRScanUITests.xctest */ = {isa = PBXFileReference; explicitFileType = wrapper.cfbundle; includeInIndex = 0; path = QRScanUITests.xctest; sourceTree = BUILT_PRODUCTS_DIR; };
		B709AEB62601C96900F3D32A /* QRScanUITests.swift */ = {isa = PBXFileReference; lastKnownFileType = sourcecode.swift; path = QRScanUITests.swift; sourceTree = "<group>"; };
		B709AEB82601C96900F3D32A /* Info.plist */ = {isa = PBXFileReference; lastKnownFileType = text.plist.xml; path = Info.plist; sourceTree = "<group>"; };
		B709AEC72601C9BD00F3D32A /* QRScannerController.swift */ = {isa = PBXFileReference; lastKnownFileType = sourcecode.swift; path = QRScannerController.swift; sourceTree = "<group>"; };
/* End PBXFileReference section */

/* Begin PBXFrameworksBuildPhase section */
		B709AE8E2601C96500F3D32A /* Frameworks */ = {
			isa = PBXFrameworksBuildPhase;
			buildActionMask = 2147483647;
			files = (
			);
			runOnlyForDeploymentPostprocessing = 0;
		};
		B709AEA42601C96900F3D32A /* Frameworks */ = {
			isa = PBXFrameworksBuildPhase;
			buildActionMask = 2147483647;
			files = (
			);
			runOnlyForDeploymentPostprocessing = 0;
		};
		B709AEAF2601C96900F3D32A /* Frameworks */ = {
			isa = PBXFrameworksBuildPhase;
			buildActionMask = 2147483647;
			files = (
			);
			runOnlyForDeploymentPostprocessing = 0;
		};
/* End PBXFrameworksBuildPhase section */

/* Begin PBXGroup section */
		B709AE882601C96500F3D32A = {
			isa = PBXGroup;
			children = (
				B709AE932601C96500F3D32A /* QRScan */,
				B709AEAA2601C96900F3D32A /* QRScanTests */,
				B709AEB52601C96900F3D32A /* QRScanUITests */,
				B709AE922601C96500F3D32A /* Products */,
			);
			sourceTree = "<group>";
		};
		B709AE922601C96500F3D32A /* Products */ = {
			isa = PBXGroup;
			children = (
				B709AE912601C96500F3D32A /* QRScan.app */,
				B709AEA72601C96900F3D32A /* QRScanTests.xctest */,
				B709AEB22601C96900F3D32A /* QRScanUITests.xctest */,
			);
			name = Products;
			sourceTree = "<group>";
		};
		B709AE932601C96500F3D32A /* QRScan */ = {
			isa = PBXGroup;
			children = (
				B709AE942601C96500F3D32A /* AppDelegate.swift */,
				B709AE962601C96500F3D32A /* SceneDelegate.swift */,
				B709AE982601C96500F3D32A /* ViewController.swift */,
				B709AEC72601C9BD00F3D32A /* QRScannerController.swift */,
				B709AE9A2601C96500F3D32A /* Main.storyboard */,
				B709AE9D2601C96800F3D32A /* Assets.xcassets */,
				B709AE9F2601C96800F3D32A /* LaunchScreen.storyboard */,
				B709AEA22601C96800F3D32A /* Info.plist */,
			);
			path = QRScan;
			sourceTree = "<group>";
		};
		B709AEAA2601C96900F3D32A /* QRScanTests */ = {
			isa = PBXGroup;
			children = (
				B709AEAB2601C96900F3D32A /* QRScanTests.swift */,
				B709AEAD2601C96900F3D32A /* Info.plist */,
			);
			path = QRScanTests;
			sourceTree = "<group>";
		};
		B709AEB52601C96900F3D32A /* QRScanUITests */ = {
			isa = PBXGroup;
			children = (
				B709AEB62601C96900F3D32A /* QRScanUITests.swift */,
				B709AEB82601C96900F3D32A /* Info.plist */,
			);
			path = QRScanUITests;
			sourceTree = "<group>";
		};
/* End PBXGroup section */

/* Begin PBXNativeTarget section */
		B709AE902601C96500F3D32A /* QRScan */ = {
			isa = PBXNativeTarget;
			buildConfigurationList = B709AEBB2601C96900F3D32A /* Build configuration list for PBXNativeTarget "QRScan" */;
			buildPhases = (
				B709AE8D2601C96500F3D32A /* Sources */,
				B709AE8E2601C96500F3D32A /* Frameworks */,
				B709AE8F2601C96500F3D32A /* Resources */,
			);
			buildRules = (
			);
			dependencies = (
			);
			name = QRScan;
			productName = QRScan;
			productReference = B709AE912601C96500F3D32A /* QRScan.app */;
			productType = "com.apple.product-type.application";
		};
		B709AEA62601C96900F3D32A /* QRScanTests */ = {
			isa = PBXNativeTarget;
			buildConfigurationList = B709AEBE2601C96900F3D32A /* Build configuration list for PBXNativeTarget "QRScanTests" */;
			buildPhases = (
				B709AEA32601C96900F3D32A /* Sources */,
				B709AEA42601C96900F3D32A /* Frameworks */,
				B709AEA52601C96900F3D32A /* Resources */,
			);
			buildRules = (
			);
			dependencies = (
				B709AEA92601C96900F3D32A /* PBXTargetDependency */,
			);
			name = QRScanTests;
			productName = QRScanTests;
			productReference = B709AEA72601C96900F3D32A /* QRScanTests.xctest */;
			productType = "com.apple.product-type.bundle.unit-test";
		};
		B709AEB12601C96900F3D32A /* QRScanUITests */ = {
			isa = PBXNativeTarget;
			buildConfigurationList = B709AEC12601C96900F3D32A /* Build configuration list for PBXNativeTarget "QRScanUITests" */;
			buildPhases = (
				B709AEAE2601C96900F3D32A /* Sources */,
				B709AEAF2601C96900F3D32A /* Frameworks */,
				B709AEB02601C96900F3D32A /* Resources */,
			);
			buildRules = (
			);
			dependencies = (
				B709AEB42601C96900F3D32A /* PBXTargetDependency */,
			);
			name = QRScanUITests;
			productName = QRScanUITests;
			productReference = B709AEB22601C96900F3D32A /* QRScanUITests.xctest */;
			productType = "com.apple.product-type.bundle.ui-testing";
		};
/* End PBXNativeTarget section */

/* Begin PBXProject section */
		B709AE892601C96500F3D32A /* Project object */ = {
			isa = PBXProject;
			attributes = {
				LastSwiftUpdateCheck = 1220;
				LastUpgradeCheck = 1220;
				TargetAttributes = {
					B709AE902601C96500F3D32A = {
						CreatedOnToolsVersion = 12.2;
					};
					B709AEA62601C96900F3D32A = {
						CreatedOnToolsVersion = 12.2;
						TestTargetID = B709AE902601C96500F3D32A;
					};
					B709AEB12601C96900F3D32A = {
						CreatedOnToolsVersion = 12.2;
						TestTargetID = B709AE902601C96500F3D32A;
					};
				};
			};
			buildConfigurationList = B709AE8C2601C96500F3D32A /* Build configuration list for PBXProject "QRScan" */;
			compatibilityVersion = "Xcode 9.3";
			developmentRegion = en;
			hasScannedForEncodings = 0;
			knownRegions = (
				en,
				Base,
			);
			mainGroup = B709AE882601C96500F3D32A;
			productRefGroup = B709AE922601C96500F3D32A /* Products */;
			projectDirPath = "";
			projectRoot = "";
			targets = (
				B709AE902601C96500F3D32A /* QRScan */,
				B709AEA62601C96900F3D32A /* QRScanTests */,
				B709AEB12601C96900F3D32A /* QRScanUITests */,
			);
		};
/* End PBXProject section */

/* Begin PBXResourcesBuildPhase section */
		B709AE8F2601C96500F3D32A /* Resources */ = {
			isa = PBXResourcesBuildPhase;
			buildActionMask = 2147483647;
			files = (
				B709AEA12601C96800F3D32A /* LaunchScreen.storyboard in Resources */,
				B709AE9E2601C96800F3D32A /* Assets.xcassets in Resources */,
				B709AE9C2601C96500F3D32A /* Main.storyboard in Resources */,
			);
			runOnlyForDeploymentPostprocessing = 0;
		};
		B709AEA52601C96900F3D32A /* Resources */ = {
			isa = PBXResourcesBuildPhase;
			buildActionMask = 2147483647;
			files = (
			);
			runOnlyForDeploymentPostprocessing = 0;
		};
		B709AEB02601C96900F3D32A /* Resources */ = {
			isa = PBXResourcesBuildPhase;
			buildActionMask = 2147483647;
			files = (
			);
			runOnlyForDeploymentPostprocessing = 0;
		};
/* End PBXResourcesBuildPhase section */

/* Begin PBXSourcesBuildPhase section */
		B709AE8D2601C96500F3D32A /* Sources */ = {
			isa = PBXSourcesBuildPhase;
			buildActionMask = 2147483647;
			files = (
				B709AE992601C96500F3D32A /* ViewController.swift in Sources */,
				B709AEC82601C9BD00F3D32A /* QRScannerController.swift in Sources */,
				B709AE952601C96500F3D32A /* AppDelegate.swift in Sources */,
				B709AE972601C96500F3D32A /* SceneDelegate.swift in Sources */,
			);
			runOnlyForDeploymentPostprocessing = 0;
		};
		B709AEA32601C96900F3D32A /* Sources */ = {
			isa = PBXSourcesBuildPhase;
			buildActionMask = 2147483647;
			files = (
				B709AEAC2601C96900F3D32A /* QRScanTests.swift in Sources */,
			);
			runOnlyForDeploymentPostprocessing = 0;
		};
		B709AEAE2601C96900F3D32A /* Sources */ = {
			isa = PBXSourcesBuildPhase;
			buildActionMask = 2147483647;
			files = (
				B709AEB72601C96900F3D32A /* QRScanUITests.swift in Sources */,
			);
			runOnlyForDeploymentPostprocessing = 0;
		};
/* End PBXSourcesBuildPhase section */

/* Begin PBXTargetDependency section */
		B709AEA92601C96900F3D32A /* PBXTargetDependency */ = {
			isa = PBXTargetDependency;
			target = B709AE902601C96500F3D32A /* QRScan */;
			targetProxy = B709AEA82601C96900F3D32A /* PBXContainerItemProxy */;
		};
		B709AEB42601C96900F3D32A /* PBXTargetDependency */ = {
			isa = PBXTargetDependency;
			target = B709AE902601C96500F3D32A /* QRScan */;
			targetProxy = B709AEB32601C96900F3D32A /* PBXContainerItemProxy */;
		};
/* End PBXTargetDependency section */

/* Begin PBXVariantGroup section */
		B709AE9A2601C96500F3D32A /* Main.storyboard */ = {
			isa = PBXVariantGroup;
			children = (
				B709AE9B2601C96500F3D32A /* Base */,
			);
			name = Main.storyboard;
			sourceTree = "<group>";
		};
		B709AE9F2601C96800F3D32A /* LaunchScreen.storyboard */ = {
			isa = PBXVariantGroup;
			children = (
				B709AEA02601C96800F3D32A /* Base */,
			);
			name = LaunchScreen.storyboard;
			sourceTree = "<group>";
		};
/* End PBXVariantGroup section */

/* Begin XCBuildConfiguration section */
		B709AEB92601C96900F3D32A /* Debug */ = {
			isa = XCBuildConfiguration;
			buildSettings = {
				ALWAYS_SEARCH_USER_PATHS = NO;
				CLANG_ANALYZER_NONNULL = YES;
				CLANG_ANALYZER_NUMBER_OBJECT_CONVERSION = YES_AGGRESSIVE;
				CLANG_CXX_LANGUAGE_STANDARD = "gnu++14";
				CLANG_CXX_LIBRARY = "libc++";
				CLANG_ENABLE_MODULES = YES;
				CLANG_ENABLE_OBJC_ARC = YES;
				CLANG_ENABLE_OBJC_WEAK = YES;
				CLANG_WARN_BLOCK_CAPTURE_AUTORELEASING = YES;
				CLANG_WARN_BOOL_CONVERSION = YES;
				CLANG_WARN_COMMA = YES;
				CLANG_WARN_CONSTANT_CONVERSION = YES;
				CLANG_WARN_DEPRECATED_OBJC_IMPLEMENTATIONS = YES;
				CLANG_WARN_DIRECT_OBJC_ISA_USAGE = YES_ERROR;
				CLANG_WARN_DOCUMENTATION_COMMENTS = YES;
				CLANG_WARN_EMPTY_BODY = YES;
				CLANG_WARN_ENUM_CONVERSION = YES;
				CLANG_WARN_INFINITE_RECURSION = YES;
				CLANG_WARN_INT_CONVERSION = YES;
				CLANG_WARN_NON_LITERAL_NULL_CONVERSION = YES;
				CLANG_WARN_OBJC_IMPLICIT_RETAIN_SELF = YES;
				CLANG_WARN_OBJC_LITERAL_CONVERSION = YES;
				CLANG_WARN_OBJC_ROOT_CLASS = YES_ERROR;
				CLANG_WARN_QUOTED_INCLUDE_IN_FRAMEWORK_HEADER = YES;
				CLANG_WARN_RANGE_LOOP_ANALYSIS = YES;
				CLANG_WARN_STRICT_PROTOTYPES = YES;
				CLANG_WARN_SUSPICIOUS_MOVE = YES;
				CLANG_WARN_UNGUARDED_AVAILABILITY = YES_AGGRESSIVE;
				CLANG_WARN_UNREACHABLE_CODE = YES;
				CLANG_WARN__DUPLICATE_METHOD_MATCH = YES;
				COPY_PHASE_STRIP = NO;
				DEBUG_INFORMATION_FORMAT = dwarf;
				ENABLE_STRICT_OBJC_MSGSEND = YES;
				ENABLE_TESTABILITY = YES;
				GCC_C_LANGUAGE_STANDARD = gnu11;
				GCC_DYNAMIC_NO_PIC = NO;
				GCC_NO_COMMON_BLOCKS = YES;
				GCC_OPTIMIZATION_LEVEL = 0;
				GCC_PREPROCESSOR_DEFINITIONS = (
					"DEBUG=1",
					"$(inherited)",
				);
				GCC_WARN_64_TO_32_BIT_CONVERSION = YES;
				GCC_WARN_ABOUT_RETURN_TYPE = YES_ERROR;
				GCC_WARN_UNDECLARED_SELECTOR = YES;
				GCC_WARN_UNINITIALIZED_AUTOS = YES_AGGRESSIVE;
				GCC_WARN_UNUSED_FUNCTION = YES;
				GCC_WARN_UNUSED_VARIABLE = YES;
				IPHONEOS_DEPLOYMENT_TARGET = 14.2;
				MTL_ENABLE_DEBUG_INFO = INCLUDE_SOURCE;
				MTL_FAST_MATH = YES;
				ONLY_ACTIVE_ARCH = YES;
				SDKROOT = iphoneos;
				SWIFT_ACTIVE_COMPILATION_CONDITIONS = DEBUG;
				SWIFT_OPTIMIZATION_LEVEL = "-Onone";
			};
			name = Debug;
		};
		B709AEBA2601C96900F3D32A /* Release */ = {
			isa = XCBuildConfiguration;
			buildSettings = {
				ALWAYS_SEARCH_USER_PATHS = NO;
				CLANG_ANALYZER_NONNULL = YES;
				CLANG_ANALYZER_NUMBER_OBJECT_CONVERSION = YES_AGGRESSIVE;
				CLANG_CXX_LANGUAGE_STANDARD = "gnu++14";
				CLANG_CXX_LIBRARY = "libc++";
				CLANG_ENABLE_MODULES = YES;
				CLANG_ENABLE_OBJC_ARC = YES;
				CLANG_ENABLE_OBJC_WEAK = YES;
				CLANG_WARN_BLOCK_CAPTURE_AUTORELEASING = YES;
				CLANG_WARN_BOOL_CONVERSION = YES;
				CLANG_WARN_COMMA = YES;
				CLANG_WARN_CONSTANT_CONVERSION = YES;
				CLANG_WARN_DEPRECATED_OBJC_IMPLEMENTATIONS = YES;
				CLANG_WARN_DIRECT_OBJC_ISA_USAGE = YES_ERROR;
				CLANG_WARN_DOCUMENTATION_COMMENTS = YES;
				CLANG_WARN_EMPTY_BODY = YES;
				CLANG_WARN_ENUM_CONVERSION = YES;
				CLANG_WARN_INFINITE_RECURSION = YES;
				CLANG_WARN_INT_CONVERSION = YES;
				CLANG_WARN_NON_LITERAL_NULL_CONVERSION = YES;
				CLANG_WARN_OBJC_IMPLICIT_RETAIN_SELF = YES;
				CLANG_WARN_OBJC_LITERAL_CONVERSION = YES;
				CLANG_WARN_OBJC_ROOT_CLASS = YES_ERROR;
				CLANG_WARN_QUOTED_INCLUDE_IN_FRAMEWORK_HEADER = YES;
				CLANG_WARN_RANGE_LOOP_ANALYSIS = YES;
				CLANG_WARN_STRICT_PROTOTYPES = YES;
				CLANG_WARN_SUSPICIOUS_MOVE = YES;
				CLANG_WARN_UNGUARDED_AVAILABILITY = YES_AGGRESSIVE;
				CLANG_WARN_UNREACHABLE_CODE = YES;
				CLANG_WARN__DUPLICATE_METHOD_MATCH = YES;
				COPY_PHASE_STRIP = NO;
				DEBUG_INFORMATION_FORMAT = "dwarf-with-dsym";
				ENABLE_NS_ASSERTIONS = NO;
				ENABLE_STRICT_OBJC_MSGSEND = YES;
				GCC_C_LANGUAGE_STANDARD = gnu11;
				GCC_NO_COMMON_BLOCKS = YES;
				GCC_WARN_64_TO_32_BIT_CONVERSION = YES;
				GCC_WARN_ABOUT_RETURN_TYPE = YES_ERROR;
				GCC_WARN_UNDECLARED_SELECTOR = YES;
				GCC_WARN_UNINITIALIZED_AUTOS = YES_AGGRESSIVE;
				GCC_WARN_UNUSED_FUNCTION = YES;
				GCC_WARN_UNUSED_VARIABLE = YES;
				IPHONEOS_DEPLOYMENT_TARGET = 14.2;
				MTL_ENABLE_DEBUG_INFO = NO;
				MTL_FAST_MATH = YES;
				SDKROOT = iphoneos;
				SWIFT_COMPILATION_MODE = wholemodule;
				SWIFT_OPTIMIZATION_LEVEL = "-O";
				VALIDATE_PRODUCT = YES;
			};
			name = Release;
		};
		B709AEBC2601C96900F3D32A /* Debug */ = {
			isa = XCBuildConfiguration;
			buildSettings = {
				ASSETCATALOG_COMPILER_APPICON_NAME = AppIcon;
				ASSETCATALOG_COMPILER_GLOBAL_ACCENT_COLOR_NAME = AccentColor;
				CODE_SIGN_STYLE = Automatic;
				DEVELOPMENT_TEAM = 6CWF679Z8N;
				INFOPLIST_FILE = QRScan/Info.plist;
				LD_RUNPATH_SEARCH_PATHS = (
					"$(inherited)",
					"@executable_path/Frameworks",
				);
				PRODUCT_BUNDLE_IDENTIFIER = com.sparkout.QRScan;
				PRODUCT_NAME = "$(TARGET_NAME)";
				SWIFT_VERSION = 5.0;
				TARGETED_DEVICE_FAMILY = "1,2";
			};
			name = Debug;
		};
		B709AEBD2601C96900F3D32A /* Release */ = {
			isa = XCBuildConfiguration;
			buildSettings = {
				ASSETCATALOG_COMPILER_APPICON_NAME = AppIcon;
				ASSETCATALOG_COMPILER_GLOBAL_ACCENT_COLOR_NAME = AccentColor;
				CODE_SIGN_STYLE = Automatic;
				DEVELOPMENT_TEAM = 6CWF679Z8N;
				INFOPLIST_FILE = QRScan/Info.plist;
				LD_RUNPATH_SEARCH_PATHS = (
					"$(inherited)",
					"@executable_path/Frameworks",
				);
				PRODUCT_BUNDLE_IDENTIFIER = com.sparkout.QRScan;
				PRODUCT_NAME = "$(TARGET_NAME)";
				SWIFT_VERSION = 5.0;
				TARGETED_DEVICE_FAMILY = "1,2";
			};
			name = Release;
		};
		B709AEBF2601C96900F3D32A /* Debug */ = {
			isa = XCBuildConfiguration;
			buildSettings = {
				ALWAYS_EMBED_SWIFT_STANDARD_LIBRARIES = YES;
				BUNDLE_LOADER = "$(TEST_HOST)";
				CODE_SIGN_STYLE = Automatic;
				DEVELOPMENT_TEAM = 6CWF679Z8N;
				INFOPLIST_FILE = QRScanTests/Info.plist;
				IPHONEOS_DEPLOYMENT_TARGET = 14.2;
				LD_RUNPATH_SEARCH_PATHS = (
					"$(inherited)",
					"@executable_path/Frameworks",
					"@loader_path/Frameworks",
				);
				PRODUCT_BUNDLE_IDENTIFIER = com.sparkout.intractiveDish.QRScanTests;
				PRODUCT_NAME = "$(TARGET_NAME)";
				SWIFT_VERSION = 5.0;
				TARGETED_DEVICE_FAMILY = "1,2";
				TEST_HOST = "$(BUILT_PRODUCTS_DIR)/QRScan.app/QRScan";
			};
			name = Debug;
		};
		B709AEC02601C96900F3D32A /* Release */ = {
			isa = XCBuildConfiguration;
			buildSettings = {
				ALWAYS_EMBED_SWIFT_STANDARD_LIBRARIES = YES;
				BUNDLE_LOADER = "$(TEST_HOST)";
				CODE_SIGN_STYLE = Automatic;
				DEVELOPMENT_TEAM = 6CWF679Z8N;
				INFOPLIST_FILE = QRScanTests/Info.plist;
				IPHONEOS_DEPLOYMENT_TARGET = 14.2;
				LD_RUNPATH_SEARCH_PATHS = (
					"$(inherited)",
					"@executable_path/Frameworks",
					"@loader_path/Frameworks",
				);
				PRODUCT_BUNDLE_IDENTIFIER = com.sparkout.intractiveDish.QRScanTests;
				PRODUCT_NAME = "$(TARGET_NAME)";
				SWIFT_VERSION = 5.0;
				TARGETED_DEVICE_FAMILY = "1,2";
				TEST_HOST = "$(BUILT_PRODUCTS_DIR)/QRScan.app/QRScan";
			};
			name = Release;
		};
		B709AEC22601C96900F3D32A /* Debug */ = {
			isa = XCBuildConfiguration;
			buildSettings = {
				ALWAYS_EMBED_SWIFT_STANDARD_LIBRARIES = YES;
				CODE_SIGN_STYLE = Automatic;
				DEVELOPMENT_TEAM = 6CWF679Z8N;
				INFOPLIST_FILE = QRScanUITests/Info.plist;
				LD_RUNPATH_SEARCH_PATHS = (
					"$(inherited)",
					"@executable_path/Frameworks",
					"@loader_path/Frameworks",
				);
				PRODUCT_BUNDLE_IDENTIFIER = com.sparkout.intractiveDish.QRScanUITests;
				PRODUCT_NAME = "$(TARGET_NAME)";
				SWIFT_VERSION = 5.0;
				TARGETED_DEVICE_FAMILY = "1,2";
				TEST_TARGET_NAME = QRScan;
			};
			name = Debug;
		};
		B709AEC32601C96900F3D32A /* Release */ = {
			isa = XCBuildConfiguration;
			buildSettings = {
				ALWAYS_EMBED_SWIFT_STANDARD_LIBRARIES = YES;
				CODE_SIGN_STYLE = Automatic;
				DEVELOPMENT_TEAM = 6CWF679Z8N;
				INFOPLIST_FILE = QRScanUITests/Info.plist;
				LD_RUNPATH_SEARCH_PATHS = (
					"$(inherited)",
					"@executable_path/Frameworks",
					"@loader_path/Frameworks",
				);
				PRODUCT_BUNDLE_IDENTIFIER = com.sparkout.intractiveDish.QRScanUITests;
				PRODUCT_NAME = "$(TARGET_NAME)";
				SWIFT_VERSION = 5.0;
				TARGETED_DEVICE_FAMILY = "1,2";
				TEST_TARGET_NAME = QRScan;
			};
			name = Release;
		};
/* End XCBuildConfiguration section */

/* Begin XCConfigurationList section */
		B709AE8C2601C96500F3D32A /* Build configuration list for PBXProject "QRScan" */ = {
			isa = XCConfigurationList;
			buildConfigurations = (
				B709AEB92601C96900F3D32A /* Debug */,
				B709AEBA2601C96900F3D32A /* Release */,
			);
			defaultConfigurationIsVisible = 0;
			defaultConfigurationName = Release;
		};
		B709AEBB2601C96900F3D32A /* Build configuration list for PBXNativeTarget "QRScan" */ = {
			isa = XCConfigurationList;
			buildConfigurations = (
				B709AEBC2601C96900F3D32A /* Debug */,
				B709AEBD2601C96900F3D32A /* Release */,
			);
			defaultConfigurationIsVisible = 0;
			defaultConfigurationName = Release;
		};
		B709AEBE2601C96900F3D32A /* Build configuration list for PBXNativeTarget "QRScanTests" */ = {
			isa = XCConfigurationList;
			buildConfigurations = (
				B709AEBF2601C96900F3D32A /* Debug */,
				B709AEC02601C96900F3D32A /* Release */,
			);
			defaultConfigurationIsVisible = 0;
			defaultConfigurationName = Release;
		};
		B709AEC12601C96900F3D32A /* Build configuration list for PBXNativeTarget "QRScanUITests" */ = {
			isa = XCConfigurationList;
			buildConfigurations = (
				B709AEC22601C96900F3D32A /* Debug */,
				B709AEC32601C96900F3D32A /* Release */,
			);
			defaultConfigurationIsVisible = 0;
			defaultConfigurationName = Release;
		};
/* End XCConfigurationList section */
	};
	rootObject = B709AE892601C96500F3D32A /* Project object */;
}
